Microsoft Visual Studio Solution File, Format Version 12.00
# Visual Studio Version 17
VisualStudioVersion = 17.5.2.0
MinimumVisualStudioVersion = 10.0.40219.1
Project("{2150E333-8FDC-42A3-9474-1A3956D46DE8}") = "C#", "C#", "{1DBD47E2-544B-F58A-27AE-70AE938492FA}"
EndProject
Project("{2150E333-8FDC-42A3-9474-1A3956D46DE8}") = "HelloWorldApp", "HelloWorldApp", "{146F428D-ED3A-FA9C-B471-317A40029FDA}"
EndProject
Project("{FAE04EC0-301F-11D3-BF4B-00C04F79EFBC}") = "HelloWorldApp", "C#\HelloWorldApp\HelloWorldApp\HelloWorldApp.csproj", "{003128DC-2F48-E67D-A353-96A77A6B22E7}"
EndProject
Global
	GlobalSection(SolutionConfigurationPlatforms) = preSolution
		Debug|Any CPU = Debug|Any CPU
		Release|Any CPU = Release|Any CPU
	EndGlobalSection
	GlobalSection(ProjectConfigurationPlatforms) = postSolution
		{003128DC-2F48-E67D-A353-96A77A6B22E7}.Debug|Any CPU.ActiveCfg = Debug|Any CPU
		{003128DC-2F48-E67D-A353-96A77A6B22E7}.Debug|Any CPU.Build.0 = Debug|Any CPU
		{003128DC-2F48-E67D-A353-96A77A6B22E7}.Release|Any CPU.ActiveCfg = Release|Any CPU
		{003128DC-2F48-E67D-A353-96A77A6B22E7}.Release|Any CPU.Build.0 = Release|Any CPU
	EndGlobalSection
	GlobalSection(SolutionProperties) = preSolution
		HideSolutionNode = FALSE
	EndGlobalSection
	GlobalSection(NestedProjects) = preSolution
		{146F428D-ED3A-FA9C-B471-317A40029FDA} = {1DBD47E2-544B-F58A-27AE-70AE938492FA}
		{003128DC-2F48-E67D-A353-96A77A6B22E7} = {146F428D-ED3A-FA9C-B471-317A40029FDA}
	EndGlobalSection
	GlobalSection(ExtensibilityGlobals) = postSolution
		SolutionGuid = {14D9C027-ABD7-44D7-AC86-E5B202755837}
	EndGlobalSection
EndGlobal
